
Microsoft Visual Studio Solution File, Format Version 12.00
# Visual Studio 15
VisualStudioVersion = 15.0.28307.2092
MinimumVisualStudioVersion = 10.0.40219.1
Project("{F184B08F-C81C-45F6-A57F-5ABD9991F28F}") = "WindowsApp11", "WindowsApp11\WindowsApp11.vbproj", "{A556ACF8-C4E0-4FC6-8F52-0DE6C2ECEFAC}"
EndProject
Global
	GlobalSection(SolutionConfigurationPlatforms) = preSolution
		Debug|Any CPU = Debug|Any CPU
		Release|Any CPU = Release|Any CPU
	EndGlobalSection
	GlobalSection(ProjectConfigurationPlatforms) = postSolution
		{A556ACF8-C4E0-4FC6-8F52-0DE6C2ECEFAC}.Debug|Any CPU.ActiveCfg = Debug|Any CPU
		{A556ACF8-C4E0-4FC6-8F52-0DE6C2ECEFAC}.Debug|Any CPU.Build.0 = Debug|Any CPU
		{A556ACF8-C4E0-4FC6-8F52-0DE6C2ECEFAC}.Release|Any CPU.ActiveCfg = Release|Any CPU
		{A556ACF8-C4E0-4FC6-8F52-0DE6C2ECEFAC}.Release|Any CPU.Build.0 = Release|Any CPU
	EndGlobalSection
	GlobalSection(SolutionProperties) = preSolution
		HideSolutionNode = FALSE
	EndGlobalSection
	GlobalSection(ExtensibilityGlobals) = postSolution
		SolutionGuid = {7F4B2AA9-BD84-4596-8A40-CE306AB0935B}
	EndGlobalSection
EndGlobal
